
Microsoft Visual Studio Solution File, Format Version 12.00
# Visual Studio Version 16
VisualStudioVersion = 16.0.32929.386
MinimumVisualStudioVersion = 10.0.40219.1
Project("{FAE04EC0-301F-11D3-BF4B-00C04F79EFBC}") = "Bejeweled", "Bejeweled.csproj", "{B23E7A02-52F8-48FA-809D-A1BA663C8982}"
EndProject
Global
	GlobalSection(SolutionConfigurationPlatforms) = preSolution
		Debug|Any CPU = Debug|Any CPU
		Release|Any CPU = Release|Any CPU
	EndGlobalSection
	GlobalSection(ProjectConfigurationPlatforms) = postSolution
		{B23E7A02-52F8-48FA-809D-A1BA663C8982}.Debug|Any CPU.ActiveCfg = Debug|Any CPU
		{B23E7A02-52F8-48FA-809D-A1BA663C8982}.Debug|Any CPU.Build.0 = Debug|Any CPU
		{B23E7A02-52F8-48FA-809D-A1BA663C8982}.Release|Any CPU.ActiveCfg = Release|Any CPU
		{B23E7A02-52F8-48FA-809D-A1BA663C8982}.Release|Any CPU.Build.0 = Release|Any CPU
	EndGlobalSection
	GlobalSection(SolutionProperties) = preSolution
		HideSolutionNode = FALSE
	EndGlobalSection
	GlobalSection(ExtensibilityGlobals) = postSolution
		SolutionGuid = {364D7636-DBA3-4047-AAA7-67CFA7ED63A2}
	EndGlobalSection
EndGlobal
